
Microsoft Visual Studio Solution File, Format Version 12.00
# Visual Studio Version 17
VisualStudioVersion = 17.6.33829.357
MinimumVisualStudioVersion = 10.0.40219.1
Project("{FAE04EC0-301F-11D3-BF4B-00C04F79EFBC}") = "my_calc", "my_calc.csproj", "{C8E84D87-6FC6-4741-BA7B-935EAAC0FB25}"
EndProject
Global
	GlobalSection(SolutionConfigurationPlatforms) = preSolution
		Debug|Any CPU = Debug|Any CPU
		Release|Any CPU = Release|Any CPU
	EndGlobalSection
	GlobalSection(ProjectConfigurationPlatforms) = postSolution
		{C8E84D87-6FC6-4741-BA7B-935EAAC0FB25}.Debug|Any CPU.ActiveCfg = Debug|Any CPU
		{C8E84D87-6FC6-4741-BA7B-935EAAC0FB25}.Debug|Any CPU.Build.0 = Debug|Any CPU
		{C8E84D87-6FC6-4741-BA7B-935EAAC0FB25}.Release|Any CPU.ActiveCfg = Release|Any CPU
		{C8E84D87-6FC6-4741-BA7B-935EAAC0FB25}.Release|Any CPU.Build.0 = Release|Any CPU
	EndGlobalSection
	GlobalSection(SolutionProperties) = preSolution
		HideSolutionNode = FALSE
	EndGlobalSection
	GlobalSection(ExtensibilityGlobals) = postSolution
		SolutionGuid = {420DE12D-CF88-4942-9C57-26E1AF125D81}
	EndGlobalSection
EndGlobal
